
Microsoft Visual Studio Solution File, Format Version 12.00
# Visual Studio Version 16
VisualStudioVersion = 16.0.30413.136
MinimumVisualStudioVersion = 10.0.40219.1
Project("{9A19103F-16F7-4668-BE54-9A1E7A4F7556}") = "Chapter03", "Chapter03\Chapter03.csproj", "{4F67B9C7-8BD5-48FD-AA81-98D8E3ABC9FF}"
EndProject
Project("{FAE04EC0-301F-11D3-BF4B-00C04F79EFBC}") = "Examples", "Examples\Examples.csproj", "{04020E67-574D-4E85-AE66-6318A70B221F}"
EndProject
Project("{9A19103F-16F7-4668-BE54-9A1E7A4F7556}") = "Tests", "Tests\Tests.csproj", "{A3F6EEB6-175C-4E83-BCF8-E59BAE569310}"
EndProject
Project("{9A19103F-16F7-4668-BE54-9A1E7A4F7556}") = "Chapter04", "Chapter04\Chapter04.csproj", "{68D9228F-AA35-4493-B256-9F3ADD727F00}"
EndProject
Project("{9A19103F-16F7-4668-BE54-9A1E7A4F7556}") = "Chapter08.Service", "Chapter08.Service\Chapter08.Service.csproj", "{72883B5F-DDBD-4332-91FC-A521A3E5B977}"
EndProject
Project("{9A19103F-16F7-4668-BE54-9A1E7A4F7556}") = "Chapter08", "Chapter08\Chapter08.csproj", "{4541EE28-FFEF-4D28-B688-D940041C532A}"
EndProject
Project("{9A19103F-16F7-4668-BE54-9A1E7A4F7556}") = "Chapter05", "Chapter05\Chapter05.csproj", "{2CA19375-5FF6-4BE3-9CFF-98C1D159ADE7}"
EndProject
Project("{9A19103F-16F7-4668-BE54-9A1E7A4F7556}") = "Chapter05.UI", "Chapter05.UI\Chapter05.UI.csproj", "{38BAC43C-C014-4BDD-8980-F11DAB8707BC}"
EndProject
Project("{FAE04EC0-301F-11D3-BF4B-00C04F79EFBC}") = "Chapter09.Service", "Chapter09.Service\Chapter09.Service.csproj", "{21EC8416-55F9-4318-8A2D-C8AA58477325}"
EndProject
Global
	GlobalSection(SolutionConfigurationPlatforms) = preSolution
		Debug|Any CPU = Debug|Any CPU
		Release|Any CPU = Release|Any CPU
	EndGlobalSection
	GlobalSection(ProjectConfigurationPlatforms) = postSolution
		{4F67B9C7-8BD5-48FD-AA81-98D8E3ABC9FF}.Debug|Any CPU.ActiveCfg = Debug|Any CPU
		{4F67B9C7-8BD5-48FD-AA81-98D8E3ABC9FF}.Debug|Any CPU.Build.0 = Debug|Any CPU
		{4F67B9C7-8BD5-48FD-AA81-98D8E3ABC9FF}.Release|Any CPU.ActiveCfg = Release|Any CPU
		{4F67B9C7-8BD5-48FD-AA81-98D8E3ABC9FF}.Release|Any CPU.Build.0 = Release|Any CPU
		{04020E67-574D-4E85-AE66-6318A70B221F}.Debug|Any CPU.ActiveCfg = Debug|Any CPU
		{04020E67-574D-4E85-AE66-6318A70B221F}.Debug|Any CPU.Build.0 = Debug|Any CPU
		{04020E67-574D-4E85-AE66-6318A70B221F}.Release|Any CPU.ActiveCfg = Release|Any CPU
		{04020E67-574D-4E85-AE66-6318A70B221F}.Release|Any CPU.Build.0 = Release|Any CPU
		{A3F6EEB6-175C-4E83-BCF8-E59BAE569310}.Debug|Any CPU.ActiveCfg = Debug|Any CPU
		{A3F6EEB6-175C-4E83-BCF8-E59BAE569310}.Debug|Any CPU.Build.0 = Debug|Any CPU
		{A3F6EEB6-175C-4E83-BCF8-E59BAE569310}.Release|Any CPU.ActiveCfg = Release|Any CPU
		{A3F6EEB6-175C-4E83-BCF8-E59BAE569310}.Release|Any CPU.Build.0 = Release|Any CPU
		{68D9228F-AA35-4493-B256-9F3ADD727F00}.Debug|Any CPU.ActiveCfg = Debug|Any CPU
		{68D9228F-AA35-4493-B256-9F3ADD727F00}.Debug|Any CPU.Build.0 = Debug|Any CPU
		{68D9228F-AA35-4493-B256-9F3ADD727F00}.Release|Any CPU.ActiveCfg = Release|Any CPU
		{68D9228F-AA35-4493-B256-9F3ADD727F00}.Release|Any CPU.Build.0 = Release|Any CPU
		{72883B5F-DDBD-4332-91FC-A521A3E5B977}.Debug|Any CPU.ActiveCfg = Debug|Any CPU
		{72883B5F-DDBD-4332-91FC-A521A3E5B977}.Debug|Any CPU.Build.0 = Debug|Any CPU
		{72883B5F-DDBD-4332-91FC-A521A3E5B977}.Release|Any CPU.ActiveCfg = Release|Any CPU
		{72883B5F-DDBD-4332-91FC-A521A3E5B977}.Release|Any CPU.Build.0 = Release|Any CPU
		{4541EE28-FFEF-4D28-B688-D940041C532A}.Debug|Any CPU.ActiveCfg = Debug|Any CPU
		{4541EE28-FFEF-4D28-B688-D940041C532A}.Debug|Any CPU.Build.0 = Debug|Any CPU
		{4541EE28-FFEF-4D28-B688-D940041C532A}.Release|Any CPU.ActiveCfg = Release|Any CPU
		{4541EE28-FFEF-4D28-B688-D940041C532A}.Release|Any CPU.Build.0 = Release|Any CPU
		{2CA19375-5FF6-4BE3-9CFF-98C1D159ADE7}.Debug|Any CPU.ActiveCfg = Debug|Any CPU
		{2CA19375-5FF6-4BE3-9CFF-98C1D159ADE7}.Debug|Any CPU.Build.0 = Debug|Any CPU
		{2CA19375-5FF6-4BE3-9CFF-98C1D159ADE7}.Release|Any CPU.ActiveCfg = Release|Any CPU
		{2CA19375-5FF6-4BE3-9CFF-98C1D159ADE7}.Release|Any CPU.Build.0 = Release|Any CPU
		{38BAC43C-C014-4BDD-8980-F11DAB8707BC}.Debug|Any CPU.ActiveCfg = Debug|Any CPU
		{38BAC43C-C014-4BDD-8980-F11DAB8707BC}.Debug|Any CPU.Build.0 = Debug|Any CPU
		{38BAC43C-C014-4BDD-8980-F11DAB8707BC}.Release|Any CPU.ActiveCfg = Release|Any CPU
		{38BAC43C-C014-4BDD-8980-F11DAB8707BC}.Release|Any CPU.Build.0 = Release|Any CPU
		{21EC8416-55F9-4318-8A2D-C8AA58477325}.Debug|Any CPU.ActiveCfg = Debug|Any CPU
		{21EC8416-55F9-4318-8A2D-C8AA58477325}.Debug|Any CPU.Build.0 = Debug|Any CPU
		{21EC8416-55F9-4318-8A2D-C8AA58477325}.Release|Any CPU.ActiveCfg = Release|Any CPU
		{21EC8416-55F9-4318-8A2D-C8AA58477325}.Release|Any CPU.Build.0 = Release|Any CPU
	EndGlobalSection
	GlobalSection(SolutionProperties) = preSolution
		HideSolutionNode = FALSE
	EndGlobalSection
	GlobalSection(ExtensibilityGlobals) = postSolution
		SolutionGuid = {0B00A5CE-60D3-4D8A-A864-A430455F1BD9}
	EndGlobalSection
EndGlobal
