
Microsoft Visual Studio Solution File, Format Version 12.00
# Visual Studio Version 16
VisualStudioVersion = 16.0.30413.136
MinimumVisualStudioVersion = 10.0.40219.1
Project("{FAE04EC0-301F-11D3-BF4B-00C04F79EFBC}") = "Examples", "Examples\Examples.csproj", "{04020E67-574D-4E85-AE66-6318A70B221F}"
EndProject
Project("{9A19103F-16F7-4668-BE54-9A1E7A4F7556}") = "Tests", "Tests\Tests.csproj", "{A3F6EEB6-175C-4E83-BCF8-E59BAE569310}"
EndProject
Project("{9A19103F-16F7-4668-BE54-9A1E7A4F7556}") = "Chapter04", "Chapter04\Chapter04.csproj", "{68D9228F-AA35-4493-B256-9F3ADD727F00}"
EndProject
Project("{9A19103F-16F7-4668-BE54-9A1E7A4F7556}") = "Chapter08", "Chapter08\Chapter08.csproj", "{4541EE28-FFEF-4D28-B688-D940041C532A}"
EndProject
Project("{9A19103F-16F7-4668-BE54-9A1E7A4F7556}") = "Chapter09.Service", "Chapter09.Service\Chapter09.Service.csproj", "{21EC8416-55F9-4318-8A2D-C8AA58477325}"
EndProject
Project("{2150E333-8FDC-42A3-9474-1A3956D46DE8}") = "Misc", "Misc", "{3E7F5ACC-5F4C-41E6-9FBC-DAD8EAA3AD85}"
	ProjectSection(SolutionItems) = preProject
		global.json = global.json
	EndProjectSection
EndProject
Project("{2150E333-8FDC-42A3-9474-1A3956D46DE8}") = "Chapter03 Projects", "Chapter03 Projects", "{7EDDFF05-B239-4C20-9578-CF265A4DED48}"
EndProject
Project("{9A19103F-16F7-4668-BE54-9A1E7A4F7556}") = "Exercise01", "Chapter03\Exercise01\Exercise01.csproj", "{C864BC7D-33F2-4F03-9681-B01921165C47}"
EndProject
Project("{9A19103F-16F7-4668-BE54-9A1E7A4F7556}") = "Exercise02", "Chapter03\Exercise02\Exercise02.csproj", "{C4E576BA-A410-4B30-B9C7-B80A1ADE4CC1}"
EndProject
Project("{9A19103F-16F7-4668-BE54-9A1E7A4F7556}") = "Exercise03", "Chapter03\Exercise03\Exercise03.csproj", "{ADECDF0B-7BE6-44E9-96BB-5FA5923270F2}"
EndProject
Project("{9A19103F-16F7-4668-BE54-9A1E7A4F7556}") = "Exercise04", "Chapter03\Exercise04\Exercise04.csproj", "{87E29ED9-8CB7-4F6B-9507-392BD115A1FA}"
EndProject
Project("{9A19103F-16F7-4668-BE54-9A1E7A4F7556}") = "Exercise05", "Chapter03\Exercise05\Exercise05.csproj", "{E64FE941-BA90-47CA-86ED-9EA462A586DD}"
EndProject
Project("{9A19103F-16F7-4668-BE54-9A1E7A4F7556}") = "Exercise06", "Chapter03\Exercise06\Exercise06.csproj", "{FC927797-9A7C-4AC6-BA84-DFBB3524C18C}"
EndProject
Project("{9A19103F-16F7-4668-BE54-9A1E7A4F7556}") = "Activity01", "Chapter03\Activity01\Activity01.csproj", "{69AB8AC9-9AF2-4E95-9649-3BB507E3344E}"
EndProject
Project("{2150E333-8FDC-42A3-9474-1A3956D46DE8}") = "Chapter10 Projects", "Chapter10 Projects", "{0D6F8289-F59C-48BF-8965-303DA7413253}"
EndProject
Project("{9A19103F-16F7-4668-BE54-9A1E7A4F7556}") = "Chapter10.Tests", "Chapter10\Chapter10.Tests\Chapter10.Tests.csproj", "{1ABD8F8B-B9AB-450D-9623-540BD10EF73B}"
EndProject
Project("{9A19103F-16F7-4668-BE54-9A1E7A4F7556}") = "Chapter10.Lib", "Chapter10\Chapter10.Lib\Chapter10.Lib.csproj", "{21906D4E-772E-4FE9-B335-B81BD2F8135D}"
EndProject
Project("{9A19103F-16F7-4668-BE54-9A1E7A4F7556}") = "Chapter02", "Chapter02\Chapter02.csproj", "{CC1A133E-EFA5-4E0A-864C-CC84B17B1588}"
EndProject
Project("{9A19103F-16F7-4668-BE54-9A1E7A4F7556}") = "Chapter06", "Chapter06\Chapter06.csproj", "{64F2C97A-DCF6-404D-A679-113D92A0C7CA}"
EndProject
Project("{9A19103F-16F7-4668-BE54-9A1E7A4F7556}") = "Chapter10.Examples", "Chapter10\Chapter10.Examples\Chapter10.Examples.csproj", "{695C5B38-C6B3-4719-A88B-206A3A7BBDB9}"
EndProject
Project("{9A19103F-16F7-4668-BE54-9A1E7A4F7556}") = "Chapter05", "Chapter05\Chapter05.csproj", "{2F48D431-3126-4220-9F49-0A13C867C148}"
EndProject
Global
	GlobalSection(SolutionConfigurationPlatforms) = preSolution
		Debug|Any CPU = Debug|Any CPU
		Release|Any CPU = Release|Any CPU
	EndGlobalSection
	GlobalSection(ProjectConfigurationPlatforms) = postSolution
		{04020E67-574D-4E85-AE66-6318A70B221F}.Debug|Any CPU.ActiveCfg = Debug|Any CPU
		{04020E67-574D-4E85-AE66-6318A70B221F}.Debug|Any CPU.Build.0 = Debug|Any CPU
		{04020E67-574D-4E85-AE66-6318A70B221F}.Release|Any CPU.ActiveCfg = Release|Any CPU
		{04020E67-574D-4E85-AE66-6318A70B221F}.Release|Any CPU.Build.0 = Release|Any CPU
		{A3F6EEB6-175C-4E83-BCF8-E59BAE569310}.Debug|Any CPU.ActiveCfg = Debug|Any CPU
		{A3F6EEB6-175C-4E83-BCF8-E59BAE569310}.Debug|Any CPU.Build.0 = Debug|Any CPU
		{A3F6EEB6-175C-4E83-BCF8-E59BAE569310}.Release|Any CPU.ActiveCfg = Release|Any CPU
		{A3F6EEB6-175C-4E83-BCF8-E59BAE569310}.Release|Any CPU.Build.0 = Release|Any CPU
		{68D9228F-AA35-4493-B256-9F3ADD727F00}.Debug|Any CPU.ActiveCfg = Debug|Any CPU
		{68D9228F-AA35-4493-B256-9F3ADD727F00}.Debug|Any CPU.Build.0 = Debug|Any CPU
		{68D9228F-AA35-4493-B256-9F3ADD727F00}.Release|Any CPU.ActiveCfg = Release|Any CPU
		{68D9228F-AA35-4493-B256-9F3ADD727F00}.Release|Any CPU.Build.0 = Release|Any CPU
		{4541EE28-FFEF-4D28-B688-D940041C532A}.Debug|Any CPU.ActiveCfg = Debug|Any CPU
		{4541EE28-FFEF-4D28-B688-D940041C532A}.Debug|Any CPU.Build.0 = Debug|Any CPU
		{4541EE28-FFEF-4D28-B688-D940041C532A}.Release|Any CPU.ActiveCfg = Release|Any CPU
		{4541EE28-FFEF-4D28-B688-D940041C532A}.Release|Any CPU.Build.0 = Release|Any CPU
		{21EC8416-55F9-4318-8A2D-C8AA58477325}.Debug|Any CPU.ActiveCfg = Debug|Any CPU
		{21EC8416-55F9-4318-8A2D-C8AA58477325}.Debug|Any CPU.Build.0 = Debug|Any CPU
		{21EC8416-55F9-4318-8A2D-C8AA58477325}.Release|Any CPU.ActiveCfg = Release|Any CPU
		{21EC8416-55F9-4318-8A2D-C8AA58477325}.Release|Any CPU.Build.0 = Release|Any CPU
		{C864BC7D-33F2-4F03-9681-B01921165C47}.Debug|Any CPU.ActiveCfg = Debug|Any CPU
		{C864BC7D-33F2-4F03-9681-B01921165C47}.Debug|Any CPU.Build.0 = Debug|Any CPU
		{C864BC7D-33F2-4F03-9681-B01921165C47}.Release|Any CPU.ActiveCfg = Release|Any CPU
		{C864BC7D-33F2-4F03-9681-B01921165C47}.Release|Any CPU.Build.0 = Release|Any CPU
		{C4E576BA-A410-4B30-B9C7-B80A1ADE4CC1}.Debug|Any CPU.ActiveCfg = Debug|Any CPU
		{C4E576BA-A410-4B30-B9C7-B80A1ADE4CC1}.Debug|Any CPU.Build.0 = Debug|Any CPU
		{C4E576BA-A410-4B30-B9C7-B80A1ADE4CC1}.Release|Any CPU.ActiveCfg = Release|Any CPU
		{C4E576BA-A410-4B30-B9C7-B80A1ADE4CC1}.Release|Any CPU.Build.0 = Release|Any CPU
		{ADECDF0B-7BE6-44E9-96BB-5FA5923270F2}.Debug|Any CPU.ActiveCfg = Debug|Any CPU
		{ADECDF0B-7BE6-44E9-96BB-5FA5923270F2}.Debug|Any CPU.Build.0 = Debug|Any CPU
		{ADECDF0B-7BE6-44E9-96BB-5FA5923270F2}.Release|Any CPU.ActiveCfg = Release|Any CPU
		{ADECDF0B-7BE6-44E9-96BB-5FA5923270F2}.Release|Any CPU.Build.0 = Release|Any CPU
		{87E29ED9-8CB7-4F6B-9507-392BD115A1FA}.Debug|Any CPU.ActiveCfg = Debug|Any CPU
		{87E29ED9-8CB7-4F6B-9507-392BD115A1FA}.Debug|Any CPU.Build.0 = Debug|Any CPU
		{87E29ED9-8CB7-4F6B-9507-392BD115A1FA}.Release|Any CPU.ActiveCfg = Release|Any CPU
		{87E29ED9-8CB7-4F6B-9507-392BD115A1FA}.Release|Any CPU.Build.0 = Release|Any CPU
		{E64FE941-BA90-47CA-86ED-9EA462A586DD}.Debug|Any CPU.ActiveCfg = Debug|Any CPU
		{E64FE941-BA90-47CA-86ED-9EA462A586DD}.Debug|Any CPU.Build.0 = Debug|Any CPU
		{E64FE941-BA90-47CA-86ED-9EA462A586DD}.Release|Any CPU.ActiveCfg = Release|Any CPU
		{E64FE941-BA90-47CA-86ED-9EA462A586DD}.Release|Any CPU.Build.0 = Release|Any CPU
		{FC927797-9A7C-4AC6-BA84-DFBB3524C18C}.Debug|Any CPU.ActiveCfg = Debug|Any CPU
		{FC927797-9A7C-4AC6-BA84-DFBB3524C18C}.Debug|Any CPU.Build.0 = Debug|Any CPU
		{FC927797-9A7C-4AC6-BA84-DFBB3524C18C}.Release|Any CPU.ActiveCfg = Release|Any CPU
		{FC927797-9A7C-4AC6-BA84-DFBB3524C18C}.Release|Any CPU.Build.0 = Release|Any CPU
		{69AB8AC9-9AF2-4E95-9649-3BB507E3344E}.Debug|Any CPU.ActiveCfg = Debug|Any CPU
		{69AB8AC9-9AF2-4E95-9649-3BB507E3344E}.Debug|Any CPU.Build.0 = Debug|Any CPU
		{69AB8AC9-9AF2-4E95-9649-3BB507E3344E}.Release|Any CPU.ActiveCfg = Release|Any CPU
		{69AB8AC9-9AF2-4E95-9649-3BB507E3344E}.Release|Any CPU.Build.0 = Release|Any CPU
		{1ABD8F8B-B9AB-450D-9623-540BD10EF73B}.Debug|Any CPU.ActiveCfg = Debug|Any CPU
		{1ABD8F8B-B9AB-450D-9623-540BD10EF73B}.Debug|Any CPU.Build.0 = Debug|Any CPU
		{1ABD8F8B-B9AB-450D-9623-540BD10EF73B}.Release|Any CPU.ActiveCfg = Release|Any CPU
		{1ABD8F8B-B9AB-450D-9623-540BD10EF73B}.Release|Any CPU.Build.0 = Release|Any CPU
		{21906D4E-772E-4FE9-B335-B81BD2F8135D}.Debug|Any CPU.ActiveCfg = Debug|Any CPU
		{21906D4E-772E-4FE9-B335-B81BD2F8135D}.Debug|Any CPU.Build.0 = Debug|Any CPU
		{21906D4E-772E-4FE9-B335-B81BD2F8135D}.Release|Any CPU.ActiveCfg = Release|Any CPU
		{21906D4E-772E-4FE9-B335-B81BD2F8135D}.Release|Any CPU.Build.0 = Release|Any CPU
		{CC1A133E-EFA5-4E0A-864C-CC84B17B1588}.Debug|Any CPU.ActiveCfg = Debug|Any CPU
		{CC1A133E-EFA5-4E0A-864C-CC84B17B1588}.Debug|Any CPU.Build.0 = Debug|Any CPU
		{CC1A133E-EFA5-4E0A-864C-CC84B17B1588}.Release|Any CPU.ActiveCfg = Release|Any CPU
		{CC1A133E-EFA5-4E0A-864C-CC84B17B1588}.Release|Any CPU.Build.0 = Release|Any CPU
		{64F2C97A-DCF6-404D-A679-113D92A0C7CA}.Debug|Any CPU.ActiveCfg = Debug|Any CPU
		{64F2C97A-DCF6-404D-A679-113D92A0C7CA}.Debug|Any CPU.Build.0 = Debug|Any CPU
		{64F2C97A-DCF6-404D-A679-113D92A0C7CA}.Release|Any CPU.ActiveCfg = Release|Any CPU
		{64F2C97A-DCF6-404D-A679-113D92A0C7CA}.Release|Any CPU.Build.0 = Release|Any CPU
		{695C5B38-C6B3-4719-A88B-206A3A7BBDB9}.Debug|Any CPU.ActiveCfg = Debug|Any CPU
		{695C5B38-C6B3-4719-A88B-206A3A7BBDB9}.Debug|Any CPU.Build.0 = Debug|Any CPU
		{695C5B38-C6B3-4719-A88B-206A3A7BBDB9}.Release|Any CPU.ActiveCfg = Release|Any CPU
		{695C5B38-C6B3-4719-A88B-206A3A7BBDB9}.Release|Any CPU.Build.0 = Release|Any CPU
		{2F48D431-3126-4220-9F49-0A13C867C148}.Debug|Any CPU.ActiveCfg = Debug|Any CPU
		{2F48D431-3126-4220-9F49-0A13C867C148}.Debug|Any CPU.Build.0 = Debug|Any CPU
		{2F48D431-3126-4220-9F49-0A13C867C148}.Release|Any CPU.ActiveCfg = Release|Any CPU
		{2F48D431-3126-4220-9F49-0A13C867C148}.Release|Any CPU.Build.0 = Release|Any CPU
	EndGlobalSection
	GlobalSection(SolutionProperties) = preSolution
		HideSolutionNode = FALSE
	EndGlobalSection
	GlobalSection(NestedProjects) = preSolution
		{C864BC7D-33F2-4F03-9681-B01921165C47} = {7EDDFF05-B239-4C20-9578-CF265A4DED48}
		{C4E576BA-A410-4B30-B9C7-B80A1ADE4CC1} = {7EDDFF05-B239-4C20-9578-CF265A4DED48}
		{ADECDF0B-7BE6-44E9-96BB-5FA5923270F2} = {7EDDFF05-B239-4C20-9578-CF265A4DED48}
		{87E29ED9-8CB7-4F6B-9507-392BD115A1FA} = {7EDDFF05-B239-4C20-9578-CF265A4DED48}
		{E64FE941-BA90-47CA-86ED-9EA462A586DD} = {7EDDFF05-B239-4C20-9578-CF265A4DED48}
		{FC927797-9A7C-4AC6-BA84-DFBB3524C18C} = {7EDDFF05-B239-4C20-9578-CF265A4DED48}
		{69AB8AC9-9AF2-4E95-9649-3BB507E3344E} = {7EDDFF05-B239-4C20-9578-CF265A4DED48}
		{1ABD8F8B-B9AB-450D-9623-540BD10EF73B} = {0D6F8289-F59C-48BF-8965-303DA7413253}
		{21906D4E-772E-4FE9-B335-B81BD2F8135D} = {0D6F8289-F59C-48BF-8965-303DA7413253}
		{695C5B38-C6B3-4719-A88B-206A3A7BBDB9} = {0D6F8289-F59C-48BF-8965-303DA7413253}
	EndGlobalSection
	GlobalSection(ExtensibilityGlobals) = postSolution
		SolutionGuid = {0B00A5CE-60D3-4D8A-A864-A430455F1BD9}
	EndGlobalSection
EndGlobal
