
Microsoft Visual Studio Solution File, Format Version 12.00
# Visual Studio Version 17
VisualStudioVersion = 17.1.32414.318
MinimumVisualStudioVersion = 10.0.40219.1
Project("{9A19103F-16F7-4668-BE54-9A1E7A4F7556}") = "Tests", "Tests\Tests.csproj", "{A3F6EEB6-175C-4E83-BCF8-E59BAE569310}"
EndProject
Project("{9A19103F-16F7-4668-BE54-9A1E7A4F7556}") = "Chapter04", "Chapter04\Chapter04.csproj", "{68D9228F-AA35-4493-B256-9F3ADD727F00}"
EndProject
Project("{9A19103F-16F7-4668-BE54-9A1E7A4F7556}") = "Chapter08", "Chapter08\Chapter08.csproj", "{4541EE28-FFEF-4D28-B688-D940041C532A}"
EndProject
Project("{2150E333-8FDC-42A3-9474-1A3956D46DE8}") = "Misc", "Misc", "{3E7F5ACC-5F4C-41E6-9FBC-DAD8EAA3AD85}"
	ProjectSection(SolutionItems) = preProject
		global.json = global.json
	EndProjectSection
EndProject
Project("{2150E333-8FDC-42A3-9474-1A3956D46DE8}") = "Chapter03 Projects", "Chapter03 Projects", "{7EDDFF05-B239-4C20-9578-CF265A4DED48}"
EndProject
Project("{2150E333-8FDC-42A3-9474-1A3956D46DE8}") = "Chapter10 Projects", "Chapter10 Projects", "{0D6F8289-F59C-48BF-8965-303DA7413253}"
EndProject
Project("{9A19103F-16F7-4668-BE54-9A1E7A4F7556}") = "Chapter10.Tests", "Chapter10\Chapter10.Tests\Chapter10.Tests.csproj", "{1ABD8F8B-B9AB-450D-9623-540BD10EF73B}"
EndProject
Project("{9A19103F-16F7-4668-BE54-9A1E7A4F7556}") = "Chapter10.Lib", "Chapter10\Chapter10.Lib\Chapter10.Lib.csproj", "{21906D4E-772E-4FE9-B335-B81BD2F8135D}"
EndProject
Project("{9A19103F-16F7-4668-BE54-9A1E7A4F7556}") = "Chapter02", "Chapter02\Chapter02.csproj", "{CC1A133E-EFA5-4E0A-864C-CC84B17B1588}"
EndProject
Project("{9A19103F-16F7-4668-BE54-9A1E7A4F7556}") = "Chapter06", "Chapter06\Chapter06.csproj", "{64F2C97A-DCF6-404D-A679-113D92A0C7CA}"
EndProject
Project("{9A19103F-16F7-4668-BE54-9A1E7A4F7556}") = "Chapter10.Examples", "Chapter10\Chapter10.Examples\Chapter10.Examples.csproj", "{695C5B38-C6B3-4719-A88B-206A3A7BBDB9}"
EndProject
Project("{9A19103F-16F7-4668-BE54-9A1E7A4F7556}") = "Chapter05", "Chapter05\Chapter05.csproj", "{2F48D431-3126-4220-9F49-0A13C867C148}"
EndProject
Project("{2150E333-8FDC-42A3-9474-1A3956D46DE8}") = "Chapter09 Projects", "Chapter09 Projects", "{7ADFE0D7-EDA1-47F4-9407-406396BBAC92}"
EndProject
Project("{9A19103F-16F7-4668-BE54-9A1E7A4F7556}") = "Chapter09.Activity01", "Chapter09\Chapter09.Activity01\Chapter09.Activity01.csproj", "{C613BCB4-0B1D-4DB7-89BD-F85A3464DCB8}"
EndProject
Project("{9A19103F-16F7-4668-BE54-9A1E7A4F7556}") = "Chapter09.AzureFunctions", "Chapter09\Chapter09.AzureFunctions\Chapter09.AzureFunctions.csproj", "{E40110E3-543C-4FE7-9388-66019C46AF57}"
EndProject
Project("{9A19103F-16F7-4668-BE54-9A1E7A4F7556}") = "Chapter09.Service", "Chapter09\Chapter09.Service\Chapter09.Service.csproj", "{AE7B4B5B-2932-4ECA-91E8-5862B6E065F7}"
EndProject
Project("{9A19103F-16F7-4668-BE54-9A1E7A4F7556}") = "Chapter09.TokenGenerator", "Chapter09\Chapter09.TokenGenerator\Chapter09.TokenGenerator.csproj", "{72CBE8B1-515B-47A2-8A06-E8487239B081}"
EndProject
Project("{9A19103F-16F7-4668-BE54-9A1E7A4F7556}") = "Activity01", "Chapter03\Activities\Activity01\Activity01.csproj", "{C8318EBA-C41C-42E8-82DE-BB88F6BE0A71}"
EndProject
Project("{9A19103F-16F7-4668-BE54-9A1E7A4F7556}") = "Examples", "Chapter03\Examples\Examples.csproj", "{56248BBB-07CF-4ECF-8C51-AC076FAF71F9}"
EndProject
Project("{2150E333-8FDC-42A3-9474-1A3956D46DE8}") = "Exercises", "Exercises", "{ABCC88C1-0EE6-4283-A39E-9110176BBAD4}"
EndProject
Project("{9A19103F-16F7-4668-BE54-9A1E7A4F7556}") = "Exercise01", "Chapter03\Exercises\Exercise01\Exercise01.csproj", "{9BB46E60-3938-4B1C-86C3-06145C0D2401}"
EndProject
Project("{9A19103F-16F7-4668-BE54-9A1E7A4F7556}") = "Exercise02", "Chapter03\Exercises\Exercise02\Exercise02.csproj", "{79818A74-6184-4269-8A02-2B033B34B57D}"
EndProject
Project("{9A19103F-16F7-4668-BE54-9A1E7A4F7556}") = "Exercise03", "Chapter03\Exercises\Exercise03\Exercise03.csproj", "{AC1AA626-CD24-4BE9-B59B-F9F988C87A34}"
EndProject
Project("{9A19103F-16F7-4668-BE54-9A1E7A4F7556}") = "Exercise04", "Chapter03\Exercises\Exercise04\Exercise04.csproj", "{5F3A32E0-6A23-40BC-A3BC-604BF9BAFA4F}"
EndProject
Project("{9A19103F-16F7-4668-BE54-9A1E7A4F7556}") = "Exercise05", "Chapter03\Exercises\Exercise05\Exercise05.csproj", "{95536BC9-757A-4EC6-81A7-43ACADF72FFF}"
EndProject
Project("{9A19103F-16F7-4668-BE54-9A1E7A4F7556}") = "Exercise06", "Chapter03\Exercises\Exercise06\Exercise06.csproj", "{8B6F1520-FA2E-4A0B-AAEC-A3408F919B6E}"
EndProject
Project("{2150E333-8FDC-42A3-9474-1A3956D46DE8}") = "Activities", "Activities", "{6F9331D4-C93B-4FA3-9956-BF39FB40903B}"
EndProject
Global
	GlobalSection(SolutionConfigurationPlatforms) = preSolution
		Debug|Any CPU = Debug|Any CPU
		Release|Any CPU = Release|Any CPU
	EndGlobalSection
	GlobalSection(ProjectConfigurationPlatforms) = postSolution
		{A3F6EEB6-175C-4E83-BCF8-E59BAE569310}.Debug|Any CPU.ActiveCfg = Debug|Any CPU
		{A3F6EEB6-175C-4E83-BCF8-E59BAE569310}.Debug|Any CPU.Build.0 = Debug|Any CPU
		{A3F6EEB6-175C-4E83-BCF8-E59BAE569310}.Release|Any CPU.ActiveCfg = Release|Any CPU
		{A3F6EEB6-175C-4E83-BCF8-E59BAE569310}.Release|Any CPU.Build.0 = Release|Any CPU
		{68D9228F-AA35-4493-B256-9F3ADD727F00}.Debug|Any CPU.ActiveCfg = Debug|Any CPU
		{68D9228F-AA35-4493-B256-9F3ADD727F00}.Debug|Any CPU.Build.0 = Debug|Any CPU
		{68D9228F-AA35-4493-B256-9F3ADD727F00}.Release|Any CPU.ActiveCfg = Release|Any CPU
		{68D9228F-AA35-4493-B256-9F3ADD727F00}.Release|Any CPU.Build.0 = Release|Any CPU
		{4541EE28-FFEF-4D28-B688-D940041C532A}.Debug|Any CPU.ActiveCfg = Debug|Any CPU
		{4541EE28-FFEF-4D28-B688-D940041C532A}.Debug|Any CPU.Build.0 = Debug|Any CPU
		{4541EE28-FFEF-4D28-B688-D940041C532A}.Release|Any CPU.ActiveCfg = Release|Any CPU
		{4541EE28-FFEF-4D28-B688-D940041C532A}.Release|Any CPU.Build.0 = Release|Any CPU
		{1ABD8F8B-B9AB-450D-9623-540BD10EF73B}.Debug|Any CPU.ActiveCfg = Debug|Any CPU
		{1ABD8F8B-B9AB-450D-9623-540BD10EF73B}.Debug|Any CPU.Build.0 = Debug|Any CPU
		{1ABD8F8B-B9AB-450D-9623-540BD10EF73B}.Release|Any CPU.ActiveCfg = Release|Any CPU
		{1ABD8F8B-B9AB-450D-9623-540BD10EF73B}.Release|Any CPU.Build.0 = Release|Any CPU
		{21906D4E-772E-4FE9-B335-B81BD2F8135D}.Debug|Any CPU.ActiveCfg = Debug|Any CPU
		{21906D4E-772E-4FE9-B335-B81BD2F8135D}.Debug|Any CPU.Build.0 = Debug|Any CPU
		{21906D4E-772E-4FE9-B335-B81BD2F8135D}.Release|Any CPU.ActiveCfg = Release|Any CPU
		{21906D4E-772E-4FE9-B335-B81BD2F8135D}.Release|Any CPU.Build.0 = Release|Any CPU
		{CC1A133E-EFA5-4E0A-864C-CC84B17B1588}.Debug|Any CPU.ActiveCfg = Debug|Any CPU
		{CC1A133E-EFA5-4E0A-864C-CC84B17B1588}.Debug|Any CPU.Build.0 = Debug|Any CPU
		{CC1A133E-EFA5-4E0A-864C-CC84B17B1588}.Release|Any CPU.ActiveCfg = Release|Any CPU
		{CC1A133E-EFA5-4E0A-864C-CC84B17B1588}.Release|Any CPU.Build.0 = Release|Any CPU
		{64F2C97A-DCF6-404D-A679-113D92A0C7CA}.Debug|Any CPU.ActiveCfg = Debug|Any CPU
		{64F2C97A-DCF6-404D-A679-113D92A0C7CA}.Debug|Any CPU.Build.0 = Debug|Any CPU
		{64F2C97A-DCF6-404D-A679-113D92A0C7CA}.Release|Any CPU.ActiveCfg = Release|Any CPU
		{64F2C97A-DCF6-404D-A679-113D92A0C7CA}.Release|Any CPU.Build.0 = Release|Any CPU
		{695C5B38-C6B3-4719-A88B-206A3A7BBDB9}.Debug|Any CPU.ActiveCfg = Debug|Any CPU
		{695C5B38-C6B3-4719-A88B-206A3A7BBDB9}.Debug|Any CPU.Build.0 = Debug|Any CPU
		{695C5B38-C6B3-4719-A88B-206A3A7BBDB9}.Release|Any CPU.ActiveCfg = Release|Any CPU
		{695C5B38-C6B3-4719-A88B-206A3A7BBDB9}.Release|Any CPU.Build.0 = Release|Any CPU
		{2F48D431-3126-4220-9F49-0A13C867C148}.Debug|Any CPU.ActiveCfg = Debug|Any CPU
		{2F48D431-3126-4220-9F49-0A13C867C148}.Debug|Any CPU.Build.0 = Debug|Any CPU
		{2F48D431-3126-4220-9F49-0A13C867C148}.Release|Any CPU.ActiveCfg = Release|Any CPU
		{2F48D431-3126-4220-9F49-0A13C867C148}.Release|Any CPU.Build.0 = Release|Any CPU
		{C613BCB4-0B1D-4DB7-89BD-F85A3464DCB8}.Debug|Any CPU.ActiveCfg = Debug|Any CPU
		{C613BCB4-0B1D-4DB7-89BD-F85A3464DCB8}.Debug|Any CPU.Build.0 = Debug|Any CPU
		{C613BCB4-0B1D-4DB7-89BD-F85A3464DCB8}.Release|Any CPU.ActiveCfg = Release|Any CPU
		{C613BCB4-0B1D-4DB7-89BD-F85A3464DCB8}.Release|Any CPU.Build.0 = Release|Any CPU
		{E40110E3-543C-4FE7-9388-66019C46AF57}.Debug|Any CPU.ActiveCfg = Debug|Any CPU
		{E40110E3-543C-4FE7-9388-66019C46AF57}.Debug|Any CPU.Build.0 = Debug|Any CPU
		{E40110E3-543C-4FE7-9388-66019C46AF57}.Release|Any CPU.ActiveCfg = Release|Any CPU
		{E40110E3-543C-4FE7-9388-66019C46AF57}.Release|Any CPU.Build.0 = Release|Any CPU
		{AE7B4B5B-2932-4ECA-91E8-5862B6E065F7}.Debug|Any CPU.ActiveCfg = Debug|Any CPU
		{AE7B4B5B-2932-4ECA-91E8-5862B6E065F7}.Debug|Any CPU.Build.0 = Debug|Any CPU
		{AE7B4B5B-2932-4ECA-91E8-5862B6E065F7}.Release|Any CPU.ActiveCfg = Release|Any CPU
		{AE7B4B5B-2932-4ECA-91E8-5862B6E065F7}.Release|Any CPU.Build.0 = Release|Any CPU
		{72CBE8B1-515B-47A2-8A06-E8487239B081}.Debug|Any CPU.ActiveCfg = Debug|Any CPU
		{72CBE8B1-515B-47A2-8A06-E8487239B081}.Debug|Any CPU.Build.0 = Debug|Any CPU
		{72CBE8B1-515B-47A2-8A06-E8487239B081}.Release|Any CPU.ActiveCfg = Release|Any CPU
		{72CBE8B1-515B-47A2-8A06-E8487239B081}.Release|Any CPU.Build.0 = Release|Any CPU
		{C8318EBA-C41C-42E8-82DE-BB88F6BE0A71}.Debug|Any CPU.ActiveCfg = Debug|Any CPU
		{C8318EBA-C41C-42E8-82DE-BB88F6BE0A71}.Debug|Any CPU.Build.0 = Debug|Any CPU
		{C8318EBA-C41C-42E8-82DE-BB88F6BE0A71}.Release|Any CPU.ActiveCfg = Release|Any CPU
		{C8318EBA-C41C-42E8-82DE-BB88F6BE0A71}.Release|Any CPU.Build.0 = Release|Any CPU
		{56248BBB-07CF-4ECF-8C51-AC076FAF71F9}.Debug|Any CPU.ActiveCfg = Debug|Any CPU
		{56248BBB-07CF-4ECF-8C51-AC076FAF71F9}.Debug|Any CPU.Build.0 = Debug|Any CPU
		{56248BBB-07CF-4ECF-8C51-AC076FAF71F9}.Release|Any CPU.ActiveCfg = Release|Any CPU
		{56248BBB-07CF-4ECF-8C51-AC076FAF71F9}.Release|Any CPU.Build.0 = Release|Any CPU
		{9BB46E60-3938-4B1C-86C3-06145C0D2401}.Debug|Any CPU.ActiveCfg = Debug|Any CPU
		{9BB46E60-3938-4B1C-86C3-06145C0D2401}.Debug|Any CPU.Build.0 = Debug|Any CPU
		{9BB46E60-3938-4B1C-86C3-06145C0D2401}.Release|Any CPU.ActiveCfg = Release|Any CPU
		{9BB46E60-3938-4B1C-86C3-06145C0D2401}.Release|Any CPU.Build.0 = Release|Any CPU
		{79818A74-6184-4269-8A02-2B033B34B57D}.Debug|Any CPU.ActiveCfg = Debug|Any CPU
		{79818A74-6184-4269-8A02-2B033B34B57D}.Debug|Any CPU.Build.0 = Debug|Any CPU
		{79818A74-6184-4269-8A02-2B033B34B57D}.Release|Any CPU.ActiveCfg = Release|Any CPU
		{79818A74-6184-4269-8A02-2B033B34B57D}.Release|Any CPU.Build.0 = Release|Any CPU
		{AC1AA626-CD24-4BE9-B59B-F9F988C87A34}.Debug|Any CPU.ActiveCfg = Debug|Any CPU
		{AC1AA626-CD24-4BE9-B59B-F9F988C87A34}.Debug|Any CPU.Build.0 = Debug|Any CPU
		{AC1AA626-CD24-4BE9-B59B-F9F988C87A34}.Release|Any CPU.ActiveCfg = Release|Any CPU
		{AC1AA626-CD24-4BE9-B59B-F9F988C87A34}.Release|Any CPU.Build.0 = Release|Any CPU
		{5F3A32E0-6A23-40BC-A3BC-604BF9BAFA4F}.Debug|Any CPU.ActiveCfg = Debug|Any CPU
		{5F3A32E0-6A23-40BC-A3BC-604BF9BAFA4F}.Debug|Any CPU.Build.0 = Debug|Any CPU
		{5F3A32E0-6A23-40BC-A3BC-604BF9BAFA4F}.Release|Any CPU.ActiveCfg = Release|Any CPU
		{5F3A32E0-6A23-40BC-A3BC-604BF9BAFA4F}.Release|Any CPU.Build.0 = Release|Any CPU
		{95536BC9-757A-4EC6-81A7-43ACADF72FFF}.Debug|Any CPU.ActiveCfg = Debug|Any CPU
		{95536BC9-757A-4EC6-81A7-43ACADF72FFF}.Debug|Any CPU.Build.0 = Debug|Any CPU
		{95536BC9-757A-4EC6-81A7-43ACADF72FFF}.Release|Any CPU.ActiveCfg = Release|Any CPU
		{95536BC9-757A-4EC6-81A7-43ACADF72FFF}.Release|Any CPU.Build.0 = Release|Any CPU
		{8B6F1520-FA2E-4A0B-AAEC-A3408F919B6E}.Debug|Any CPU.ActiveCfg = Debug|Any CPU
		{8B6F1520-FA2E-4A0B-AAEC-A3408F919B6E}.Debug|Any CPU.Build.0 = Debug|Any CPU
		{8B6F1520-FA2E-4A0B-AAEC-A3408F919B6E}.Release|Any CPU.ActiveCfg = Release|Any CPU
		{8B6F1520-FA2E-4A0B-AAEC-A3408F919B6E}.Release|Any CPU.Build.0 = Release|Any CPU
	EndGlobalSection
	GlobalSection(SolutionProperties) = preSolution
		HideSolutionNode = FALSE
	EndGlobalSection
	GlobalSection(NestedProjects) = preSolution
		{1ABD8F8B-B9AB-450D-9623-540BD10EF73B} = {0D6F8289-F59C-48BF-8965-303DA7413253}
		{21906D4E-772E-4FE9-B335-B81BD2F8135D} = {0D6F8289-F59C-48BF-8965-303DA7413253}
		{695C5B38-C6B3-4719-A88B-206A3A7BBDB9} = {0D6F8289-F59C-48BF-8965-303DA7413253}
		{C613BCB4-0B1D-4DB7-89BD-F85A3464DCB8} = {7ADFE0D7-EDA1-47F4-9407-406396BBAC92}
		{E40110E3-543C-4FE7-9388-66019C46AF57} = {7ADFE0D7-EDA1-47F4-9407-406396BBAC92}
		{AE7B4B5B-2932-4ECA-91E8-5862B6E065F7} = {7ADFE0D7-EDA1-47F4-9407-406396BBAC92}
		{72CBE8B1-515B-47A2-8A06-E8487239B081} = {7ADFE0D7-EDA1-47F4-9407-406396BBAC92}
		{C8318EBA-C41C-42E8-82DE-BB88F6BE0A71} = {6F9331D4-C93B-4FA3-9956-BF39FB40903B}
		{56248BBB-07CF-4ECF-8C51-AC076FAF71F9} = {7EDDFF05-B239-4C20-9578-CF265A4DED48}
		{ABCC88C1-0EE6-4283-A39E-9110176BBAD4} = {7EDDFF05-B239-4C20-9578-CF265A4DED48}
		{9BB46E60-3938-4B1C-86C3-06145C0D2401} = {ABCC88C1-0EE6-4283-A39E-9110176BBAD4}
		{79818A74-6184-4269-8A02-2B033B34B57D} = {ABCC88C1-0EE6-4283-A39E-9110176BBAD4}
		{AC1AA626-CD24-4BE9-B59B-F9F988C87A34} = {ABCC88C1-0EE6-4283-A39E-9110176BBAD4}
		{5F3A32E0-6A23-40BC-A3BC-604BF9BAFA4F} = {ABCC88C1-0EE6-4283-A39E-9110176BBAD4}
		{95536BC9-757A-4EC6-81A7-43ACADF72FFF} = {ABCC88C1-0EE6-4283-A39E-9110176BBAD4}
		{8B6F1520-FA2E-4A0B-AAEC-A3408F919B6E} = {ABCC88C1-0EE6-4283-A39E-9110176BBAD4}
		{6F9331D4-C93B-4FA3-9956-BF39FB40903B} = {7EDDFF05-B239-4C20-9578-CF265A4DED48}
	EndGlobalSection
	GlobalSection(ExtensibilityGlobals) = postSolution
		SolutionGuid = {0B00A5CE-60D3-4D8A-A864-A430455F1BD9}
	EndGlobalSection
EndGlobal
