
Microsoft Visual Studio Solution File, Format Version 12.00
# Visual Studio 15
VisualStudioVersion = 15.0.26124.0
MinimumVisualStudioVersion = 15.0.26124.0
Project("{FAE04EC0-301F-11D3-BF4B-00C04F79EFBC}") = "ToDoList.App", "ToDoList.App\ToDoList.App.csproj", "{B5530071-B370-4ED8-8C88-2C5B77949051}"
EndProject
Global
	GlobalSection(SolutionConfigurationPlatforms) = preSolution
		Debug|Any CPU = Debug|Any CPU
		Debug|x64 = Debug|x64
		Debug|x86 = Debug|x86
		Release|Any CPU = Release|Any CPU
		Release|x64 = Release|x64
		Release|x86 = Release|x86
	EndGlobalSection
	GlobalSection(SolutionProperties) = preSolution
		HideSolutionNode = FALSE
	EndGlobalSection
	GlobalSection(ProjectConfigurationPlatforms) = postSolution
		{B5530071-B370-4ED8-8C88-2C5B77949051}.Debug|Any CPU.ActiveCfg = Debug|Any CPU
		{B5530071-B370-4ED8-8C88-2C5B77949051}.Debug|Any CPU.Build.0 = Debug|Any CPU
		{B5530071-B370-4ED8-8C88-2C5B77949051}.Debug|x64.ActiveCfg = Debug|Any CPU
		{B5530071-B370-4ED8-8C88-2C5B77949051}.Debug|x64.Build.0 = Debug|Any CPU
		{B5530071-B370-4ED8-8C88-2C5B77949051}.Debug|x86.ActiveCfg = Debug|Any CPU
		{B5530071-B370-4ED8-8C88-2C5B77949051}.Debug|x86.Build.0 = Debug|Any CPU
		{B5530071-B370-4ED8-8C88-2C5B77949051}.Release|Any CPU.ActiveCfg = Release|Any CPU
		{B5530071-B370-4ED8-8C88-2C5B77949051}.Release|Any CPU.Build.0 = Release|Any CPU
		{B5530071-B370-4ED8-8C88-2C5B77949051}.Release|x64.ActiveCfg = Release|Any CPU
		{B5530071-B370-4ED8-8C88-2C5B77949051}.Release|x64.Build.0 = Release|Any CPU
		{B5530071-B370-4ED8-8C88-2C5B77949051}.Release|x86.ActiveCfg = Release|Any CPU
		{B5530071-B370-4ED8-8C88-2C5B77949051}.Release|x86.Build.0 = Release|Any CPU
	EndGlobalSection
EndGlobal
