
Microsoft Visual Studio Solution File, Format Version 12.00
# Visual Studio Version 16
VisualStudioVersion = 16.0.30114.105
MinimumVisualStudioVersion = 10.0.40219.1
Project("{FAE04EC0-301F-11D3-BF4B-00C04F79EFBC}") = "API", "API\API.csproj", "{5EFC43BE-7D7F-463C-8F0E-326B1BD01206}"
EndProject
Project("{FAE04EC0-301F-11D3-BF4B-00C04F79EFBC}") = "API.Tests", "API.Tests\API.Tests.csproj", "{871FB84B-E058-4FCC-827A-79F69A3D865C}"
EndProject
Global
	GlobalSection(SolutionConfigurationPlatforms) = preSolution
		Debug|Any CPU = Debug|Any CPU
		Release|Any CPU = Release|Any CPU
	EndGlobalSection
	GlobalSection(SolutionProperties) = preSolution
		HideSolutionNode = FALSE
	EndGlobalSection
	GlobalSection(ProjectConfigurationPlatforms) = postSolution
		{5EFC43BE-7D7F-463C-8F0E-326B1BD01206}.Debug|Any CPU.ActiveCfg = Debug|Any CPU
		{5EFC43BE-7D7F-463C-8F0E-326B1BD01206}.Debug|Any CPU.Build.0 = Debug|Any CPU
		{5EFC43BE-7D7F-463C-8F0E-326B1BD01206}.Release|Any CPU.ActiveCfg = Release|Any CPU
		{5EFC43BE-7D7F-463C-8F0E-326B1BD01206}.Release|Any CPU.Build.0 = Release|Any CPU
		{871FB84B-E058-4FCC-827A-79F69A3D865C}.Debug|Any CPU.ActiveCfg = Debug|Any CPU
		{871FB84B-E058-4FCC-827A-79F69A3D865C}.Debug|Any CPU.Build.0 = Debug|Any CPU
		{871FB84B-E058-4FCC-827A-79F69A3D865C}.Release|Any CPU.ActiveCfg = Release|Any CPU
		{871FB84B-E058-4FCC-827A-79F69A3D865C}.Release|Any CPU.Build.0 = Release|Any CPU
	EndGlobalSection
EndGlobal
